Microsoft Visual Studio Solution File, Format Version 11.00
# Visual Studio 2008

Project("{55698A55-E142-40C9-1824-6AD073B5873F}") = "Andromeda", "Assembly-CSharp-firstpass.csproj", "{C069E658-09F7-2D65-CF0A-04106AF207AD}"
EndProject
Project("{55698A55-E142-40C9-1824-6AD073B5873F}") = "Andromeda", "Assembly-CSharp.csproj", "{46C80AEB-810B-716C-DA1C-C422CB9684FF}"
EndProject
Project("{55698A55-E142-40C9-1824-6AD073B5873F}") = "Andromeda", "Assembly-CSharp-Editor-firstpass.csproj", "{EDFAC077-DD95-DCEE-9627-4C2EE9D9FC55}"
EndProject
Project("{55698A55-E142-40C9-1824-6AD073B5873F}") = "Andromeda", "Assembly-CSharp-Editor.csproj", "{EE60271E-9745-0D28-4E81-C903C262EAEB}"
EndProject
Global
	GlobalSection(SolutionConfigurationPlatforms) = preSolution
		Debug|Any CPU = Debug|Any CPU
		Release|Any CPU = Release|Any CPU
	EndGlobalSection
	GlobalSection(ProjectConfigurationPlatforms) = postSolution
		{C069E658-09F7-2D65-CF0A-04106AF207AD}.Debug|Any CPU.ActiveCfg = Debug|Any CPU
		{C069E658-09F7-2D65-CF0A-04106AF207AD}.Debug|Any CPU.Build.0 = Debug|Any CPU
		{C069E658-09F7-2D65-CF0A-04106AF207AD}.Release|Any CPU.ActiveCfg = Release|Any CPU
		{C069E658-09F7-2D65-CF0A-04106AF207AD}.Release|Any CPU.Build.0 = Release|Any CPU
		{46C80AEB-810B-716C-DA1C-C422CB9684FF}.Debug|Any CPU.ActiveCfg = Debug|Any CPU
		{46C80AEB-810B-716C-DA1C-C422CB9684FF}.Debug|Any CPU.Build.0 = Debug|Any CPU
		{46C80AEB-810B-716C-DA1C-C422CB9684FF}.Release|Any CPU.ActiveCfg = Release|Any CPU
		{46C80AEB-810B-716C-DA1C-C422CB9684FF}.Release|Any CPU.Build.0 = Release|Any CPU
		{EDFAC077-DD95-DCEE-9627-4C2EE9D9FC55}.Debug|Any CPU.ActiveCfg = Debug|Any CPU
		{EDFAC077-DD95-DCEE-9627-4C2EE9D9FC55}.Debug|Any CPU.Build.0 = Debug|Any CPU
		{EDFAC077-DD95-DCEE-9627-4C2EE9D9FC55}.Release|Any CPU.ActiveCfg = Release|Any CPU
		{EDFAC077-DD95-DCEE-9627-4C2EE9D9FC55}.Release|Any CPU.Build.0 = Release|Any CPU
		{EE60271E-9745-0D28-4E81-C903C262EAEB}.Debug|Any CPU.ActiveCfg = Debug|Any CPU
		{EE60271E-9745-0D28-4E81-C903C262EAEB}.Debug|Any CPU.Build.0 = Debug|Any CPU
		{EE60271E-9745-0D28-4E81-C903C262EAEB}.Release|Any CPU.ActiveCfg = Release|Any CPU
		{EE60271E-9745-0D28-4E81-C903C262EAEB}.Release|Any CPU.Build.0 = Release|Any CPU
	EndGlobalSection
	GlobalSection(SolutionProperties) = preSolution
		HideSolutionNode = FALSE
	EndGlobalSection
	GlobalSection(MonoDevelopProperties) = preSolution
		StartupItem = Assembly-CSharp.csproj
	EndGlobalSection
EndGlobal
